{
  "version": 4,
  "terraform_version": "1.1.9",
  "serial": 97,
  "lineage": "f4b993e5-2aa2-8889-a101-06a165f89388",
  "outputs": {},
  "resources": [
    {
      "mode": "data",
      "type": "aws_db_instance",
      "name": "my_database",
      "provider": "provider[\"registry.terraform.io/hashicorp/aws\"]",
      "instances": [
        {
          "schema_version": 0,
          "attributes": {
            "address": "trustdatadatabase.c4ayxa9saczd.us-east-2.rds.amazonaws.com",
            "allocated_storage": 100,
            "auto_minor_version_upgrade": false,
            "availability_zone": "us-east-2a",
            "backup_retention_period": 7,
            "ca_cert_identifier": "rds-ca-2019",
            "db_cluster_identifier": "",
            "db_instance_arn": "arn:aws:rds:us-east-2:676490323212:db:trustdatadatabase",
            "db_instance_class": "db.t3.micro",
            "db_instance_identifier": "trustdatadatabase",
            "db_instance_port": 0,
            "db_name": "trustdevdatabaseinstance",
            "db_parameter_groups": [
              "trust-data-database-prams-group"
            ],
            "db_security_groups": [],
            "db_subnet_group": "trust-data-database",
            "enabled_cloudwatch_logs_exports": [
              "postgresql",
              "upgrade"
            ],
            "endpoint": "trustdatadatabase.c4ayxa9saczd.us-east-2.rds.amazonaws.com:3306",
            "engine": "postgres",
            "engine_version": "13.1",
            "hosted_zone_id": "Z2XHWR1WZ565X2",
            "id": "trustdatadatabase",
            "iops": 1000,
            "kms_key_id": "arn:aws:kms:us-east-2:676490323212:key/23bb1cfa-eb9b-43ce-848d-3f7a4e5b8b89",
            "license_model": "postgresql-license",
            "master_username": "pepperdev",
            "monitoring_interval": 5,
            "monitoring_role_arn": "arn:aws:iam::676490323212:role/trust-data-database-monitoring-iam-role",
            "multi_az": true,
            "option_group_memberships": [
              "default:postgres-13"
            ],
            "port": 3306,
            "preferred_backup_window": "03:00-06:00",
            "preferred_maintenance_window": "mon:00:00-mon:03:00",
            "publicly_accessible": false,
            "replicate_source_db": "",
            "resource_id": "db-43XUYTT2ZL2XV6BAGPLWXQLIIA",
            "storage_encrypted": true,
            "storage_type": "io1",
            "tags": {
              "Name": "trust-data-RDS-DATABASE"
            },
            "timezone": "",
            "vpc_security_groups": [
              "sg-041254320ec36ad83"
            ]
          },
          "sensitive_attributes": []
        }
      ]
    },
    {
      "mode": "data",
      "type": "aws_db_subnet_group",
      "name": "my_database_subnet_group",
      "provider": "provider[\"registry.terraform.io/hashicorp/aws\"]",
      "instances": [
        {
          "schema_version": 0,
          "attributes": {
            "arn": "arn:aws:rds:us-east-2:676490323212:subgrp:trust-data-database",
            "description": "database subnets group",
            "id": "trust-data-database",
            "name": "trust-data-database",
            "status": "Complete",
            "subnet_ids": [
              "subnet-0023699444355c641",
              "subnet-032b247f672c18167",
              "subnet-0e90b59f7a5cf2b93"
            ],
            "vpc_id": "vpc-09083f2635bc4935b"
          },
          "sensitive_attributes": []
        }
      ]
    },
    {
      "mode": "data",
      "type": "aws_subnet",
      "name": "my_database_subnets",
      "provider": "provider[\"registry.terraform.io/hashicorp/aws\"]",
      "instances": [
        {
          "index_key": "subnet-0023699444355c641",
          "schema_version": 0,
          "attributes": {
            "arn": "arn:aws:ec2:us-east-2:676490323212:subnet/subnet-0023699444355c641",
            "assign_ipv6_address_on_creation": false,
            "availability_zone": "us-east-2a",
            "availability_zone_id": "use2-az1",
            "available_ip_address_count": 250,
            "cidr_block": "20.10.21.0/24",
            "customer_owned_ipv4_pool": "",
            "default_for_az": false,
            "enable_dns64": false,
            "enable_resource_name_dns_a_record_on_launch": false,
            "enable_resource_name_dns_aaaa_record_on_launch": false,
            "filter": null,
            "id": "subnet-0023699444355c641",
            "ipv6_cidr_block": "",
            "ipv6_cidr_block_association_id": "",
            "ipv6_native": false,
            "map_customer_owned_ip_on_launch": false,
            "map_public_ip_on_launch": false,
            "outpost_arn": "",
            "owner_id": "676490323212",
            "private_dns_hostname_type_on_launch": "ip-name",
            "state": "available",
            "tags": {
              "Name": "trust-data-database-subnet-us-east-2a"
            },
            "vpc_id": "vpc-09083f2635bc4935b"
          },
          "sensitive_attributes": []
        },
        {
          "index_key": "subnet-032b247f672c18167",
          "schema_version": 0,
          "attributes": {
            "arn": "arn:aws:ec2:us-east-2:676490323212:subnet/subnet-032b247f672c18167",
            "assign_ipv6_address_on_creation": false,
            "availability_zone": "us-east-2b",
            "availability_zone_id": "use2-az2",
            "available_ip_address_count": 248,
            "cidr_block": "20.10.22.0/24",
            "customer_owned_ipv4_pool": "",
            "default_for_az": false,
            "enable_dns64": false,
            "enable_resource_name_dns_a_record_on_launch": false,
            "enable_resource_name_dns_aaaa_record_on_launch": false,
            "filter": null,
            "id": "subnet-032b247f672c18167",
            "ipv6_cidr_block": "",
            "ipv6_cidr_block_association_id": "",
            "ipv6_native": false,
            "map_customer_owned_ip_on_launch": false,
            "map_public_ip_on_launch": false,
            "outpost_arn": "",
            "owner_id": "676490323212",
            "private_dns_hostname_type_on_launch": "ip-name",
            "state": "available",
            "tags": {
              "Name": "trust-data-database-subnet-us-east-2b"
            },
            "vpc_id": "vpc-09083f2635bc4935b"
          },
          "sensitive_attributes": []
        },
        {
          "index_key": "subnet-0e90b59f7a5cf2b93",
          "schema_version": 0,
          "attributes": {
            "arn": "arn:aws:ec2:us-east-2:676490323212:subnet/subnet-0e90b59f7a5cf2b93",
            "assign_ipv6_address_on_creation": false,
            "availability_zone": "us-east-2c",
            "availability_zone_id": "use2-az3",
            "available_ip_address_count": 250,
            "cidr_block": "20.10.23.0/24",
            "customer_owned_ipv4_pool": "",
            "default_for_az": false,
            "enable_dns64": false,
            "enable_resource_name_dns_a_record_on_launch": false,
            "enable_resource_name_dns_aaaa_record_on_launch": false,
            "filter": null,
            "id": "subnet-0e90b59f7a5cf2b93",
            "ipv6_cidr_block": "",
            "ipv6_cidr_block_association_id": "",
            "ipv6_native": false,
            "map_customer_owned_ip_on_launch": false,
            "map_public_ip_on_launch": false,
            "outpost_arn": "",
            "owner_id": "676490323212",
            "private_dns_hostname_type_on_launch": "ip-name",
            "state": "available",
            "tags": {
              "Name": "trust-data-database-subnet-us-east-2c"
            },
            "vpc_id": "vpc-09083f2635bc4935b"
          },
          "sensitive_attributes": []
        }
      ]
    },
    {
      "mode": "managed",
      "type": "aws_cloudwatch_log_group",
      "name": "glue_customers",
      "provider": "provider[\"registry.terraform.io/hashicorp/aws\"]",
      "instances": [
        {
          "schema_version": 0,
          "attributes": {
            "arn": "arn:aws:logs:us-east-2:676490323212:log-group:trust-test-customers",
            "id": "trust-test-customers",
            "kms_key_id": "",
            "name": "trust-test-customers",
            "name_prefix": null,
            "retention_in_days": 14,
            "tags": {},
            "tags_all": {}
          },
          "sensitive_attributes": [],
          "private": "bnVsbA=="
        }
      ]
    },
    {
      "mode": "managed",
      "type": "aws_glue_catalog_database",
      "name": "glue_customers_database",
      "provider": "provider[\"registry.terraform.io/hashicorp/aws\"]",
      "instances": [
        {
          "schema_version": 0,
          "attributes": {
            "arn": "arn:aws:glue:us-east-2:676490323212:database/trust-test-customers",
            "catalog_id": "676490323212",
            "create_table_default_permission": [
              {
                "permissions": [
                  "ALL"
                ],
                "principal": [
                  {
                    "data_lake_principal_identifier": "IAM_ALLOWED_PRINCIPALS"
                  }
                ]
              }
            ],
            "description": "customers database",
            "id": "676490323212:trust-test-customers",
            "location_uri": "s3://maher-glue-test/data/customers_database/",
            "name": "trust-test-customers",
            "parameters": {},
            "target_database": []
          },
          "sensitive_attributes": [],
          "private": "bnVsbA=="
        }
      ]
    },
    {
      "mode": "managed",
      "type": "aws_glue_connection",
      "name": "example",
      "provider": "provider[\"registry.terraform.io/hashicorp/aws\"]",
      "instances": [
        {
          "schema_version": 0,
          "attributes": {
            "arn": "arn:aws:glue:us-east-2:676490323212:connection/trust-test-customers",
            "catalog_id": "676490323212",
            "connection_properties": {
              "JDBC_CONNECTION_URL": "jdbc:postgresql://trustdatadatabase.c4ayxa9saczd.us-east-2.rds.amazonaws.com:3306/trustdevdatabaseinstance",
              "PASSWORD": "cfgtyuhjnmkhgc",
              "USERNAME": "pepperdev"
            },
            "connection_type": "JDBC",
            "description": "",
            "id": "676490323212:trust-test-customers",
            "match_criteria": [],
            "name": "trust-test-customers",
            "physical_connection_requirements": [
              {
                "availability_zone": "us-east-2a",
                "security_group_id_list": [
                  "sg-041254320ec36ad83"
                ],
                "subnet_id": "subnet-0023699444355c641"
              }
            ],
            "tags": {},
            "tags_all": {}
          },
          "sensitive_attributes": [],
          "private": "bnVsbA==",
          "dependencies": [
            "data.aws_db_instance.my_database",
            "data.aws_db_subnet_group.my_database_subnet_group",
            "data.aws_subnet.my_database_subnets"
          ]
        }
      ]
    },
    {
      "mode": "managed",
      "type": "aws_glue_crawler",
      "name": "customers",
      "provider": "provider[\"registry.terraform.io/hashicorp/aws\"]",
      "instances": [
        {
          "schema_version": 0,
          "attributes": {
            "arn": "arn:aws:glue:us-east-2:676490323212:crawler/trust-test-customers",
            "catalog_target": [],
            "classifiers": [],
            "configuration": "",
            "database_name": "trust-test-customers",
            "delta_target": [],
            "description": "",
            "dynamodb_target": [],
            "id": "trust-test-customers",
            "jdbc_target": [],
            "lineage_configuration": [
              {
                "crawler_lineage_settings": "DISABLE"
              }
            ],
            "mongodb_target": [],
            "name": "trust-test-customers",
            "recrawl_policy": [
              {
                "recrawl_behavior": "CRAWL_EVERYTHING"
              }
            ],
            "role": "glue-test",
            "s3_target": [
              {
                "connection_name": "",
                "dlq_event_queue_arn": "",
                "event_queue_arn": "",
                "exclusions": [],
                "path": "s3://maher-glue-test/data/customers_database/customers_csv",
                "sample_size": 0
              }
            ],
            "schedule": "",
            "schema_change_policy": [
              {
                "delete_behavior": "DEPRECATE_IN_DATABASE",
                "update_behavior": "UPDATE_IN_DATABASE"
              }
            ],
            "security_configuration": "",
            "table_prefix": "",
            "tags": {},
            "tags_all": {}
          },
          "sensitive_attributes": [],
          "private": "bnVsbA==",
          "dependencies": [
            "aws_glue_catalog_database.glue_customers_database"
          ]
        }
      ]
    },
    {
      "mode": "managed",
      "type": "aws_glue_crawler",
      "name": "rds",
      "provider": "provider[\"registry.terraform.io/hashicorp/aws\"]",
      "instances": [
        {
          "schema_version": 0,
          "attributes": {
            "arn": "arn:aws:glue:us-east-2:676490323212:crawler/trust-test-rds",
            "catalog_target": [],
            "classifiers": [],
            "configuration": "",
            "database_name": "trust-test-customers",
            "delta_target": [],
            "description": "",
            "dynamodb_target": [],
            "id": "trust-test-rds",
            "jdbc_target": [
              {
                "connection_name": "trust-test-customers",
                "exclusions": [],
                "path": "trustdevdatabaseinstance/%"
              }
            ],
            "lineage_configuration": [
              {
                "crawler_lineage_settings": "DISABLE"
              }
            ],
            "mongodb_target": [],
            "name": "trust-test-rds",
            "recrawl_policy": [
              {
                "recrawl_behavior": "CRAWL_EVERYTHING"
              }
            ],
            "role": "glue-test",
            "s3_target": [],
            "schedule": "",
            "schema_change_policy": [
              {
                "delete_behavior": "DEPRECATE_IN_DATABASE",
                "update_behavior": "UPDATE_IN_DATABASE"
              }
            ],
            "security_configuration": "",
            "table_prefix": "",
            "tags": {},
            "tags_all": {}
          },
          "sensitive_attributes": [],
          "private": "bnVsbA==",
          "dependencies": [
            "aws_glue_catalog_database.glue_customers_database",
            "aws_glue_connection.example",
            "data.aws_db_instance.my_database",
            "data.aws_db_subnet_group.my_database_subnet_group",
            "data.aws_subnet.my_database_subnets"
          ]
        }
      ]
    },
    {
      "mode": "managed",
      "type": "aws_glue_data_catalog_encryption_settings",
      "name": "glue",
      "provider": "provider[\"registry.terraform.io/hashicorp/aws\"]",
      "instances": [
        {
          "schema_version": 0,
          "attributes": {
            "catalog_id": "676490323212",
            "data_catalog_encryption_settings": [
              {
                "connection_password_encryption": [
                  {
                    "aws_kms_key_id": "arn:aws:kms:us-east-2:676490323212:key/34ae1e08-42d2-4f0b-8567-6cb6e1899592",
                    "return_connection_password_encrypted": true
                  }
                ],
                "encryption_at_rest": [
                  {
                    "catalog_encryption_mode": "SSE-KMS",
                    "sse_aws_kms_key_id": "arn:aws:kms:us-east-2:676490323212:key/34ae1e08-42d2-4f0b-8567-6cb6e1899592"
                  }
                ]
              }
            ],
            "id": "676490323212"
          },
          "sensitive_attributes": [],
          "private": "bnVsbA==",
          "dependencies": [
            "aws_kms_key.glue"
          ]
        }
      ]
    },
    {
      "mode": "managed",
      "type": "aws_glue_job",
      "name": "customers",
      "provider": "provider[\"registry.terraform.io/hashicorp/aws\"]",
      "instances": [
        {
          "schema_version": 0,
          "attributes": {
            "arn": "arn:aws:glue:us-east-2:676490323212:job/trust-test-customers",
            "command": [
              {
                "name": "glueetl",
                "python_version": "3",
                "script_location": "s3://maher-glue-test/scripts/job_customer_release.py"
              }
            ],
            "connections": [],
            "default_arguments": {
              "--TempDir": "s3-path-to-directory",
              "--class": "GlueApp",
              "--continuous-log-logGroup": "trust-test-customers",
              "--continuous-log-logStreamPrefix": "customers",
              "--enable-auto-scaling": "true",
              "--enable-continuous-cloudwatch-log": "true",
              "--enable-continuous-log-filter": "true",
              "--enable-job-insights": "true",
              "--enable-metrics": "",
              "--enable-spark-ui": "true",
              "--job-bookmark-option": "job-bookmark-enable",
              "--job-language": "python3",
              "--spark-event-logs-path": "s3://maher-glue-test/temp-dir/"
            },
            "description": "",
            "execution_property": [
              {
                "max_concurrent_runs": 1
              }
            ],
            "glue_version": "3.0",
            "id": "trust-test-customers",
            "max_capacity": 4,
            "max_retries": 3,
            "name": "trust-test-customers",
            "non_overridable_arguments": {},
            "notification_property": [],
            "number_of_workers": 2,
            "role_arn": "arn:aws:iam::676490323212:role/glue-test",
            "security_configuration": "",
            "tags": {},
            "tags_all": {},
            "timeout": 2880,
            "worker_type": "G.2X"
          },
          "sensitive_attributes": [],
          "private": "bnVsbA==",
          "dependencies": [
            "aws_cloudwatch_log_group.glue_customers"
          ]
        }
      ]
    },
    {
      "mode": "managed",
      "type": "aws_glue_trigger",
      "name": "customers",
      "provider": "provider[\"registry.terraform.io/hashicorp/aws\"]",
      "instances": [
        {
          "schema_version": 0,
          "attributes": {
            "actions": [
              {
                "arguments": null,
                "crawler_name": "",
                "job_name": "trust-test-customers",
                "notification_property": [],
                "security_configuration": "",
                "timeout": 0
              }
            ],
            "arn": "arn:aws:glue:us-east-2:676490323212:trigger/trust-test-customers",
            "description": "",
            "enabled": true,
            "event_batching_condition": [],
            "id": "trust-test-customers",
            "name": "trust-test-customers",
            "predicate": [],
            "schedule": "cron(15 12 * * ? *)",
            "start_on_creation": null,
            "state": "ACTIVATED",
            "tags": null,
            "tags_all": {},
            "timeouts": null,
            "type": "SCHEDULED",
            "workflow_name": ""
          },
          "sensitive_attributes": [],
          "private": "eyJlMmJmYjczMC1lY2FhLTExZTYtOGY4OC0zNDM2M2JjN2M0YzAiOnsiY3JlYXRlIjozMDAwMDAwMDAwMDAsImRlbGV0ZSI6MzAwMDAwMDAwMDAwfX0=",
          "dependencies": [
            "aws_glue_job.customers"
          ]
        }
      ]
    },
    {
      "mode": "managed",
      "type": "aws_iam_policy",
      "name": "glue-access",
      "provider": "provider[\"registry.terraform.io/hashicorp/aws\"]",
      "instances": [
        {
          "schema_version": 0,
          "attributes": {
            "arn": "arn:aws:iam::676490323212:policy/trust-test-glue-job-access",
            "description": "",
            "id": "arn:aws:iam::676490323212:policy/trust-test-glue-job-access",
            "name": "trust-test-glue-job-access",
            "name_prefix": null,
            "path": "/",
            "policy": "{\"Statement\":[{\"Action\":[\"s3:*\"],\"Effect\":\"Allow\",\"Resource\":\"*\"}],\"Version\":\"2012-10-17\"}",
            "policy_id": "ANPAZ3APXEUGIODSAOTUT",
            "tags": {},
            "tags_all": {}
          },
          "sensitive_attributes": [],
          "private": "bnVsbA=="
        }
      ]
    },
    {
      "mode": "managed",
      "type": "aws_iam_role",
      "name": "glue",
      "provider": "provider[\"registry.terraform.io/hashicorp/aws\"]",
      "instances": [
        {
          "schema_version": 0,
          "attributes": {
            "arn": "arn:aws:iam::676490323212:role/trust-test-glue-iam",
            "assume_role_policy": "{\"Version\":\"2012-10-17\",\"Statement\":[{\"Sid\":\"\",\"Effect\":\"Allow\",\"Principal\":{\"Service\":\"glue.amazonaws.com\"},\"Action\":\"sts:AssumeRole\"}]}",
            "create_date": "2022-07-12T14:44:43Z",
            "description": "",
            "force_detach_policies": false,
            "id": "trust-test-glue-iam",
            "inline_policy": [
              {
                "name": "",
                "policy": ""
              }
            ],
            "managed_policy_arns": [
              "arn:aws:iam::676490323212:policy/trust-test-glue-job-access"
            ],
            "max_session_duration": 3600,
            "name": "trust-test-glue-iam",
            "name_prefix": "",
            "path": "/",
            "permissions_boundary": null,
            "tags": {},
            "tags_all": {},
            "unique_id": "AROAZ3APXEUGJG5KAQJGL"
          },
          "sensitive_attributes": [],
          "private": "bnVsbA=="
        }
      ]
    },
    {
      "mode": "managed",
      "type": "aws_iam_role_policy_attachment",
      "name": "glue-access",
      "provider": "provider[\"registry.terraform.io/hashicorp/aws\"]",
      "instances": [
        {
          "schema_version": 0,
          "attributes": {
            "id": "trust-test-glue-iam-20220712144621987200000001",
            "policy_arn": "arn:aws:iam::676490323212:policy/trust-test-glue-job-access",
            "role": "trust-test-glue-iam"
          },
          "sensitive_attributes": [],
          "private": "bnVsbA==",
          "dependencies": [
            "aws_iam_policy.glue-access",
            "aws_iam_role.glue"
          ]
        }
      ]
    },
    {
      "mode": "managed",
      "type": "aws_kms_alias",
      "name": "glue",
      "provider": "provider[\"registry.terraform.io/hashicorp/aws\"]",
      "instances": [
        {
          "schema_version": 0,
          "attributes": {
            "arn": "arn:aws:kms:us-east-2:676490323212:alias/trust_test_glue_KMS_KEY",
            "id": "alias/trust_test_glue_KMS_KEY",
            "name": "alias/trust_test_glue_KMS_KEY",
            "name_prefix": "",
            "target_key_arn": "arn:aws:kms:us-east-2:676490323212:key/34ae1e08-42d2-4f0b-8567-6cb6e1899592",
            "target_key_id": "34ae1e08-42d2-4f0b-8567-6cb6e1899592"
          },
          "sensitive_attributes": [],
          "private": "bnVsbA==",
          "dependencies": [
            "aws_kms_key.glue"
          ]
        }
      ]
    },
    {
      "mode": "managed",
      "type": "aws_kms_key",
      "name": "glue",
      "provider": "provider[\"registry.terraform.io/hashicorp/aws\"]",
      "instances": [
        {
          "schema_version": 0,
          "attributes": {
            "arn": "arn:aws:kms:us-east-2:676490323212:key/34ae1e08-42d2-4f0b-8567-6cb6e1899592",
            "bypass_policy_lockout_safety_check": false,
            "customer_master_key_spec": "SYMMETRIC_DEFAULT",
            "deletion_window_in_days": 30,
            "description": "kMS key to encrypt glue",
            "enable_key_rotation": false,
            "id": "34ae1e08-42d2-4f0b-8567-6cb6e1899592",
            "is_enabled": true,
            "key_id": "34ae1e08-42d2-4f0b-8567-6cb6e1899592",
            "key_usage": "ENCRYPT_DECRYPT",
            "multi_region": false,
            "policy": "{\"Id\":\"key-default-1\",\"Statement\":[{\"Action\":\"kms:*\",\"Effect\":\"Allow\",\"Principal\":{\"AWS\":\"arn:aws:iam::676490323212:root\"},\"Resource\":\"*\",\"Sid\":\"Enable IAM User Permissions\"}],\"Version\":\"2012-10-17\"}",
            "tags": {
              "Name": "trust-test-glue-KMS-KEY"
            },
            "tags_all": {
              "Name": "trust-test-glue-KMS-KEY"
            }
          },
          "sensitive_attributes": [],
          "private": "bnVsbA=="
        }
      ]
    }
  ]
}
